{
  "requires": true,
  "lockfileVersion": 1,
  "dependencies": {
    "stylelint-config-recommended": {
      "version": "9.0.0",
      "resolved": "https://registry.npmjs.org/stylelint-config-recommended/-/stylelint-config-recommended-9.0.0.tgz",
      "integrity": "sha512-9YQSrJq4NvvRuTbzDsWX3rrFOzOlYBmZP+o513BJN/yfEmGSr0AxdvrWs0P/ilSpVV/wisamAHu5XSk8Rcf4CQ=="
    },
    "stylelint-config-standard": {
      "version": "29.0.0",
      "resolved": "https://registry.npmjs.org/stylelint-config-standard/-/stylelint-config-standard-29.0.0.tgz",
      "integrity": "sha512-uy8tZLbfq6ZrXy4JKu3W+7lYLgRQBxYTUUB88vPgQ+ZzAxdrvcaSUW9hOMNLYBnwH+9Kkj19M2DHdZ4gKwI7tg==",
      "dev": true,
      "requires": {
        "stylelint-config-recommended": "^9.0.0"
      }
    }
  }
}
